
Microsoft Visual Studio Solution File, Format Version 12.00
# Visual Studio Version 16
VisualStudioVersion = 16.0.29020.237
MinimumVisualStudioVersion = 10.0.40219.1
Project("{9A19103F-16F7-4668-BE54-9A1E7A4F7556}") = "Platform.Timestamps", "Platform.Timestamps.csproj", "{DEEBFA22-E969-4EF2-AC26-8CA4934BB4A0}"
EndProject
Global
	GlobalSection(SolutionConfigurationPlatforms) = preSolution
		Debug|Any CPU = Debug|Any CPU
		Release|Any CPU = Release|Any CPU
	EndGlobalSection
	GlobalSection(ProjectConfigurationPlatforms) = postSolution
		{DEEBFA22-E969-4EF2-AC26-8CA4934BB4A0}.Debug|Any CPU.ActiveCfg = Debug|Any CPU
		{DEEBFA22-E969-4EF2-AC26-8CA4934BB4A0}.Debug|Any CPU.Build.0 = Debug|Any CPU
		{DEEBFA22-E969-4EF2-AC26-8CA4934BB4A0}.Release|Any CPU.ActiveCfg = Release|Any CPU
		{DEEBFA22-E969-4EF2-AC26-8CA4934BB4A0}.Release|Any CPU.Build.0 = Release|Any CPU
	EndGlobalSection
	GlobalSection(SolutionProperties) = preSolution
		HideSolutionNode = FALSE
	EndGlobalSection
	GlobalSection(ExtensibilityGlobals) = postSolution
		SolutionGuid = {0534CF73-5AFF-4447-A967-CF483510E4AA}
	EndGlobalSection
EndGlobal
